
Microsoft Visual Studio Solution File, Format Version 12.00
# Visual Studio Version 16
VisualStudioVersion = 16.0.31321.278
MinimumVisualStudioVersion = 10.0.40219.1
Project("{FAE04EC0-301F-11D3-BF4B-00C04F79EFBC}") = "MultiDictionary", "MultiDictionary\MultiDictionary.csproj", "{45626352-A8B1-42C5-A787-15409322D24B}"
EndProject
Global
	GlobalSection(SolutionConfigurationPlatforms) = preSolution
		Debug|Any CPU = Debug|Any CPU
		Release|Any CPU = Release|Any CPU
	EndGlobalSection
	GlobalSection(ProjectConfigurationPlatforms) = postSolution
		{45626352-A8B1-42C5-A787-15409322D24B}.Debug|Any CPU.ActiveCfg = Debug|Any CPU
		{45626352-A8B1-42C5-A787-15409322D24B}.Debug|Any CPU.Build.0 = Debug|Any CPU
		{45626352-A8B1-42C5-A787-15409322D24B}.Release|Any CPU.ActiveCfg = Release|Any CPU
		{45626352-A8B1-42C5-A787-15409322D24B}.Release|Any CPU.Build.0 = Release|Any CPU
	EndGlobalSection
	GlobalSection(SolutionProperties) = preSolution
		HideSolutionNode = FALSE
	EndGlobalSection
	GlobalSection(ExtensibilityGlobals) = postSolution
		SolutionGuid = {770287F0-BAB7-4A8B-9C7F-B22E1402B369}
	EndGlobalSection
EndGlobal
